{
  "requires": true,
  "lockfileVersion": 1,
  "dependencies": {
    "allure-commandline": {
      "version": "2.13.0",
      "resolved": "https://registry.npmjs.org/allure-commandline/-/allure-commandline-2.13.0.tgz",
      "integrity": "sha512-KUByc0nT+vVVsnW/p36R92+FS2o3xVX27p+AW/8T4dlXVh7jx6V0v6+rRBCpK7AhBKD9/T3jsSq14hS0sxp64Q=="
    }
  }
}
